// !$*UTF8*$!
{
	archiveVersion = 1;
	classes = {
	};
	objectVersion = 56;
	objects = {

/* Begin PBXBuildFile section */
		B10000000000000000000001 /* SyncForgeTasksApp.swift in Sources */ = {isa = PBXBuildFile; fileRef = B10000000000000000000011 /* SyncForgeTasksApp.swift */; };
		B10000000000000000000002 /* ContentView.swift in Sources */ = {isa = PBXBuildFile; fileRef = B10000000000000000000012 /* ContentView.swift */; };
		B10000000000000000000003 /* TasksView.swift in Sources */ = {isa = PBXBuildFile; fileRef = B10000000000000000000013 /* TasksView.swift */; };
		B10000000000000000000004 /* SampleViewModel.swift in Sources */ = {isa = PBXBuildFile; fileRef = B10000000000000000000014 /* SampleViewModel.swift */; };
		B10000000000000000000005 /* TaskRowView.swift in Sources */ = {isa = PBXBuildFile; fileRef = B10000000000000000000015 /* TaskRowView.swift */; };
		B10000000000000000000007 /* KotlinInterop.swift in Sources */ = {isa = PBXBuildFile; fileRef = B10000000000000000000019 /* KotlinInterop.swift */; };
		B10000000000000000000008 /* TaskRowModel.swift in Sources */ = {isa = PBXBuildFile; fileRef = B1000000000000000000001A /* TaskRowModel.swift */; };
		B10000000000000000000009 /* SampleConfig.swift in Sources */ = {isa = PBXBuildFile; fileRef = B1000000000000000000001B /* SampleConfig.swift */; };
		B1000000000000000000000A /* NotesView.swift in Sources */ = {isa = PBXBuildFile; fileRef = B1000000000000000000001C /* NotesView.swift */; };
		B1000000000000000000000B /* TagsView.swift in Sources */ = {isa = PBXBuildFile; fileRef = B1000000000000000000001D /* TagsView.swift */; };
		B1000000000000000000000C /* NoteRowView.swift in Sources */ = {isa = PBXBuildFile; fileRef = B1000000000000000000001E /* NoteRowView.swift */; };
		B1000000000000000000000D /* TagRowView.swift in Sources */ = {isa = PBXBuildFile; fileRef = B1000000000000000000001F /* TagRowView.swift */; };
		B1000000000000000000000E /* NoteRowModel.swift in Sources */ = {isa = PBXBuildFile; fileRef = B10000000000000000000020 /* NoteRowModel.swift */; };
		B1000000000000000000000F /* TagRowModel.swift in Sources */ = {isa = PBXBuildFile; fileRef = B10000000000000000000021 /* TagRowModel.swift */; };
		B100000000000000000000A0 /* SampleStatusBanner.swift in Sources */ = {isa = PBXBuildFile; fileRef = B10000000000000000000022 /* SampleStatusBanner.swift */; };
		B100000000000000000000A1 /* SyncStateStyle.swift in Sources */ = {isa = PBXBuildFile; fileRef = B10000000000000000000023 /* SyncStateStyle.swift */; };
		B10000000000000000000006 /* Assets.xcassets in Resources */ = {isa = PBXBuildFile; fileRef = B10000000000000000000016 /* Assets.xcassets */; };
		B20000000000000000000001 /* SampleUITestBase.swift in Sources */ = {isa = PBXBuildFile; fileRef = B20000000000000000000011 /* SampleUITestBase.swift */; };
		B20000000000000000000002 /* MultiEntityUITests.swift in Sources */ = {isa = PBXBuildFile; fileRef = B20000000000000000000012 /* MultiEntityUITests.swift */; };
		B100000000000000000000A3 /* AppDelegate.swift in Sources */ = {isa = PBXBuildFile; fileRef = B10000000000000000000024 /* AppDelegate.swift */; };
		B100000000000000000000A4 /* AccessibleTextField.swift in Sources */ = {isa = PBXBuildFile; fileRef = B10000000000000000000025 /* AccessibleTextField.swift */; };
		B100000000000000000000A5 /* SampleKotlinBridge.swift in Sources */ = {isa = PBXBuildFile; fileRef = B10000000000000000000026 /* SampleKotlinBridge.swift */; };
		B100000000000000000000A6 /* SampleKotlinBridgeProtocol.swift in Sources */ = {isa = PBXBuildFile; fileRef = B10000000000000000000027 /* SampleKotlinBridgeProtocol.swift */; };
		B100000000000000000000A7 /* SampleKotlinBridgeE2eStub.swift in Sources */ = {isa = PBXBuildFile; fileRef = B10000000000000000000028 /* SampleKotlinBridgeE2eStub.swift */; };
/* End PBXBuildFile section */

/* Begin PBXFileReference section */
		B10000000000000000000010 /* SyncForgeTasks.app */ = {isa = PBXFileReference; explicitFileType = wrapper.application; includeInIndex = 0; path = SyncForgeTasks.app; sourceTree = BUILT_PRODUCTS_DIR; };
		B10000000000000000000011 /* SyncForgeTasksApp.swift */ = {isa = PBXFileReference; lastKnownFileType = sourcecode.swift; path = SyncForgeTasksApp.swift; sourceTree = "<group>"; };
		B10000000000000000000012 /* ContentView.swift */ = {isa = PBXFileReference; lastKnownFileType = sourcecode.swift; path = ContentView.swift; sourceTree = "<group>"; };
		B10000000000000000000013 /* TasksView.swift */ = {isa = PBXFileReference; lastKnownFileType = sourcecode.swift; path = TasksView.swift; sourceTree = "<group>"; };
		B10000000000000000000014 /* SampleViewModel.swift */ = {isa = PBXFileReference; lastKnownFileType = sourcecode.swift; path = SampleViewModel.swift; sourceTree = "<group>"; };
		B10000000000000000000015 /* TaskRowView.swift */ = {isa = PBXFileReference; lastKnownFileType = sourcecode.swift; path = TaskRowView.swift; sourceTree = "<group>"; };
		B10000000000000000000016 /* Assets.xcassets */ = {isa = PBXFileReference; lastKnownFileType = folder.assetcatalog; path = Assets.xcassets; sourceTree = "<group>"; };
		B10000000000000000000017 /* Info.plist */ = {isa = PBXFileReference; lastKnownFileType = text.plist.xml; path = Info.plist; sourceTree = "<group>"; };
		B10000000000000000000018 /* Frameworks.xcconfig */ = {isa = PBXFileReference; lastKnownFileType = text.xcconfig; path = Frameworks.xcconfig; sourceTree = "<group>"; };
		B10000000000000000000019 /* KotlinInterop.swift */ = {isa = PBXFileReference; lastKnownFileType = sourcecode.swift; path = KotlinInterop.swift; sourceTree = "<group>"; };
		B1000000000000000000001A /* TaskRowModel.swift */ = {isa = PBXFileReference; lastKnownFileType = sourcecode.swift; path = TaskRowModel.swift; sourceTree = "<group>"; };
		B1000000000000000000001B /* SampleConfig.swift */ = {isa = PBXFileReference; lastKnownFileType = sourcecode.swift; path = SampleConfig.swift; sourceTree = "<group>"; };
		B1000000000000000000001C /* NotesView.swift */ = {isa = PBXFileReference; lastKnownFileType = sourcecode.swift; path = NotesView.swift; sourceTree = "<group>"; };
		B1000000000000000000001D /* TagsView.swift */ = {isa = PBXFileReference; lastKnownFileType = sourcecode.swift; path = TagsView.swift; sourceTree = "<group>"; };
		B1000000000000000000001E /* NoteRowView.swift */ = {isa = PBXFileReference; lastKnownFileType = sourcecode.swift; path = NoteRowView.swift; sourceTree = "<group>"; };
		B1000000000000000000001F /* TagRowView.swift */ = {isa = PBXFileReference; lastKnownFileType = sourcecode.swift; path = TagRowView.swift; sourceTree = "<group>"; };
		B10000000000000000000020 /* NoteRowModel.swift */ = {isa = PBXFileReference; lastKnownFileType = sourcecode.swift; path = NoteRowModel.swift; sourceTree = "<group>"; };
		B10000000000000000000021 /* TagRowModel.swift */ = {isa = PBXFileReference; lastKnownFileType = sourcecode.swift; path = TagRowModel.swift; sourceTree = "<group>"; };
		B10000000000000000000022 /* SampleStatusBanner.swift */ = {isa = PBXFileReference; lastKnownFileType = sourcecode.swift; path = SampleStatusBanner.swift; sourceTree = "<group>"; };
		B10000000000000000000023 /* SyncStateStyle.swift */ = {isa = PBXFileReference; lastKnownFileType = sourcecode.swift; path = SyncStateStyle.swift; sourceTree = "<group>"; };
		B20000000000000000000010 /* SyncForgeTasksUITests.xctest */ = {isa = PBXFileReference; explicitFileType = wrapper.cfbundle; includeInIndex = 0; path = SyncForgeTasksUITests.xctest; sourceTree = BUILT_PRODUCTS_DIR; };
		B20000000000000000000011 /* SampleUITestBase.swift */ = {isa = PBXFileReference; lastKnownFileType = sourcecode.swift; path = SampleUITestBase.swift; sourceTree = "<group>"; };
		B20000000000000000000012 /* MultiEntityUITests.swift */ = {isa = PBXFileReference; lastKnownFileType = sourcecode.swift; path = MultiEntityUITests.swift; sourceTree = "<group>"; };
		B10000000000000000000024 /* AppDelegate.swift */ = {isa = PBXFileReference; lastKnownFileType = sourcecode.swift; path = AppDelegate.swift; sourceTree = "<group>"; };
		B10000000000000000000025 /* AccessibleTextField.swift */ = {isa = PBXFileReference; lastKnownFileType = sourcecode.swift; path = AccessibleTextField.swift; sourceTree = "<group>"; };
		B10000000000000000000026 /* SampleKotlinBridge.swift */ = {isa = PBXFileReference; lastKnownFileType = sourcecode.swift; path = SampleKotlinBridge.swift; sourceTree = "<group>"; };
		B10000000000000000000027 /* SampleKotlinBridgeProtocol.swift */ = {isa = PBXFileReference; lastKnownFileType = sourcecode.swift; path = SampleKotlinBridgeProtocol.swift; sourceTree = "<group>"; };
		B10000000000000000000028 /* SampleKotlinBridgeE2eStub.swift */ = {isa = PBXFileReference; lastKnownFileType = sourcecode.swift; path = SampleKotlinBridgeE2eStub.swift; sourceTree = "<group>"; };
		B10000000000000000000029 /* Frameworks-E2E.xcconfig */ = {isa = PBXFileReference; lastKnownFileType = text.xcconfig; path = "Frameworks-E2E.xcconfig"; sourceTree = "<group>"; };
/* End PBXFileReference section */

/* Begin PBXFrameworksBuildPhase section */
		B100000000000000000000A2 /* Frameworks */ = {
			isa = PBXFrameworksBuildPhase;
			buildActionMask = 2147483647;
			files = (
			);
			runOnlyForDeploymentPostprocessing = 0;
		};
		B20000000000000000000020 /* Frameworks */ = {
			isa = PBXFrameworksBuildPhase;
			buildActionMask = 2147483647;
			files = (
			);
			runOnlyForDeploymentPostprocessing = 0;
		};
/* End PBXFrameworksBuildPhase section */

/* Begin PBXContainerItemProxy section */
		B20000000000000000000050 /* PBXContainerItemProxy */ = {
			isa = PBXContainerItemProxy;
			containerPortal = B10000000000000000000050 /* Project object */;
			proxyType = 1;
			remoteGlobalIDString = B10000000000000000000040;
			remoteInfo = SyncForgeTasks;
		};
/* End PBXContainerItemProxy section */

/* Begin PBXGroup section */
		B10000000000000000000030 = {
			isa = PBXGroup;
			children = (
				B10000000000000000000031 /* SyncForgeTasks */,
				B20000000000000000000031 /* SyncForgeTasksUITests */,
				B10000000000000000000032 /* Configuration */,
				B10000000000000000000033 /* Products */,
			);
			sourceTree = "<group>";
		};
		B10000000000000000000031 /* SyncForgeTasks */ = {
			isa = PBXGroup;
			children = (
				B10000000000000000000011 /* SyncForgeTasksApp.swift */,
				B10000000000000000000012 /* ContentView.swift */,
				B10000000000000000000013 /* TasksView.swift */,
				B10000000000000000000014 /* SampleViewModel.swift */,
				B10000000000000000000027 /* SampleKotlinBridgeProtocol.swift */,
				B10000000000000000000026 /* SampleKotlinBridge.swift */,
				B10000000000000000000028 /* SampleKotlinBridgeE2eStub.swift */,
				B10000000000000000000015 /* TaskRowView.swift */,
				B10000000000000000000019 /* KotlinInterop.swift */,
				B1000000000000000000001A /* TaskRowModel.swift */,
				B1000000000000000000001B /* SampleConfig.swift */,
				B1000000000000000000001C /* NotesView.swift */,
				B1000000000000000000001D /* TagsView.swift */,
				B1000000000000000000001E /* NoteRowView.swift */,
				B1000000000000000000001F /* TagRowView.swift */,
				B10000000000000000000020 /* NoteRowModel.swift */,
				B10000000000000000000021 /* TagRowModel.swift */,
				B10000000000000000000022 /* SampleStatusBanner.swift */,
				B10000000000000000000023 /* SyncStateStyle.swift */,
				B10000000000000000000024 /* AppDelegate.swift */,
				B10000000000000000000025 /* AccessibleTextField.swift */,
				B10000000000000000000016 /* Assets.xcassets */,
				B10000000000000000000017 /* Info.plist */,
			);
			path = SyncForgeTasks;
			sourceTree = "<group>";
		};
		B10000000000000000000032 /* Configuration */ = {
			isa = PBXGroup;
			children = (
				B10000000000000000000018 /* Frameworks.xcconfig */,
				B10000000000000000000029 /* Frameworks-E2E.xcconfig */,
			);
			path = Configuration;
			sourceTree = "<group>";
		};
		B10000000000000000000033 /* Products */ = {
			isa = PBXGroup;
			children = (
				B10000000000000000000010 /* SyncForgeTasks.app */,
				B20000000000000000000010 /* SyncForgeTasksUITests.xctest */,
			);
			name = Products;
			sourceTree = "<group>";
		};
		B20000000000000000000031 /* SyncForgeTasksUITests */ = {
			isa = PBXGroup;
			children = (
				B20000000000000000000011 /* SampleUITestBase.swift */,
				B20000000000000000000012 /* MultiEntityUITests.swift */,
			);
			path = SyncForgeTasksUITests;
			sourceTree = "<group>";
		};
/* End PBXGroup section */

/* Begin PBXNativeTarget section */
		B10000000000000000000040 /* SyncForgeTasks */ = {
			isa = PBXNativeTarget;
			buildConfigurationList = B10000000000000000000060 /* Build configuration list for PBXNativeTarget "SyncForgeTasks" */;
			buildPhases = (
				B10000000000000000000041 /* Build Kotlin Frameworks */,
				B10000000000000000000042 /* Sources */,
				B100000000000000000000A2 /* Frameworks */,
				B10000000000000000000043 /* Resources */,
			);
			buildRules = (
			);
			dependencies = (
			);
			name = SyncForgeTasks;
			productName = SyncForgeTasks;
			productReference = B10000000000000000000010 /* SyncForgeTasks.app */;
			productType = "com.apple.product-type.application";
		};
		B20000000000000000000040 /* SyncForgeTasksUITests */ = {
			isa = PBXNativeTarget;
			buildConfigurationList = B20000000000000000000060 /* Build configuration list for PBXNativeTarget "SyncForgeTasksUITests" */;
			buildPhases = (
				B20000000000000000000042 /* Sources */,
				B20000000000000000000020 /* Frameworks */,
			);
			buildRules = (
			);
			dependencies = (
				B20000000000000000000051 /* PBXTargetDependency */,
			);
			name = SyncForgeTasksUITests;
			productName = SyncForgeTasksUITests;
			productReference = B20000000000000000000010 /* SyncForgeTasksUITests.xctest */;
			productType = "com.apple.product-type.bundle.ui-testing";
		};
/* End PBXNativeTarget section */

/* Begin PBXProject section */
		B10000000000000000000050 /* Project object */ = {
			isa = PBXProject;
			attributes = {
				BuildIndependentTargetsInParallel = 1;
				LastSwiftUpdateCheck = 1500;
				LastUpgradeCheck = 1500;
				TargetAttributes = {
					B10000000000000000000040 = {
						CreatedOnToolsVersion = 15.0;
					};
					B20000000000000000000040 = {
						CreatedOnToolsVersion = 15.0;
						TestTargetID = B10000000000000000000040;
					};
				};
			};
			buildConfigurationList = B10000000000000000000061 /* Build configuration list for PBXProject "SyncForgeTasks" */;
			compatibilityVersion = "Xcode 14.0";
			developmentRegion = en;
			hasScannedForEncodings = 0;
			knownRegions = (
				en,
				Base,
			);
			mainGroup = B10000000000000000000030;
			productRefGroup = B10000000000000000000033 /* Products */;
			projectDirPath = "";
			projectRoot = "";
			targets = (
				B10000000000000000000040 /* SyncForgeTasks */,
				B20000000000000000000040 /* SyncForgeTasksUITests */,
			);
		};
/* End PBXProject section */

/* Begin PBXResourcesBuildPhase section */
		B10000000000000000000043 /* Resources */ = {
			isa = PBXResourcesBuildPhase;
			buildActionMask = 2147483647;
			files = (
				B10000000000000000000006 /* Assets.xcassets in Resources */,
			);
			runOnlyForDeploymentPostprocessing = 0;
		};
/* End PBXResourcesBuildPhase section */

/* Begin PBXShellScriptBuildPhase section */
		B10000000000000000000041 /* Build Kotlin Frameworks */ = {
			isa = PBXShellScriptBuildPhase;
			alwaysOutOfDate = 1;
			buildActionMask = 2147483647;
			files = (
			);
			inputFileListPaths = (
			);
			inputPaths = (
			);
			name = "Build Kotlin Frameworks";
			outputFileListPaths = (
			);
			outputPaths = (
			);
			runOnlyForDeploymentPostprocessing = 0;
			shellPath = /bin/sh;
			shellScript = "if [ \"${E2E_SWIFT_STUB}\" = \"1\" ]; then exit 0; fi\ncd \"${SRCROOT}/..\" && SRCROOT=\"${SRCROOT}\" PLATFORM_NAME=\"${PLATFORM_NAME}\" ./gradlew linkIosFrameworksForXcode --quiet\n";
		};
/* End PBXShellScriptBuildPhase section */

/* Begin PBXSourcesBuildPhase section */
		B10000000000000000000042 /* Sources */ = {
			isa = PBXSourcesBuildPhase;
			buildActionMask = 2147483647;
			files = (
				B10000000000000000000001 /* SyncForgeTasksApp.swift in Sources */,
				B10000000000000000000002 /* ContentView.swift in Sources */,
				B10000000000000000000003 /* TasksView.swift in Sources */,
				B10000000000000000000004 /* SampleViewModel.swift in Sources */,
				B100000000000000000000A6 /* SampleKotlinBridgeProtocol.swift in Sources */,
				B100000000000000000000A5 /* SampleKotlinBridge.swift in Sources */,
				B100000000000000000000A7 /* SampleKotlinBridgeE2eStub.swift in Sources */,
				B10000000000000000000005 /* TaskRowView.swift in Sources */,
				B10000000000000000000007 /* KotlinInterop.swift in Sources */,
				B10000000000000000000008 /* TaskRowModel.swift in Sources */,
				B10000000000000000000009 /* SampleConfig.swift in Sources */,
				B1000000000000000000000A /* NotesView.swift in Sources */,
				B1000000000000000000000B /* TagsView.swift in Sources */,
				B1000000000000000000000C /* NoteRowView.swift in Sources */,
				B1000000000000000000000D /* TagRowView.swift in Sources */,
				B1000000000000000000000E /* NoteRowModel.swift in Sources */,
				B1000000000000000000000F /* TagRowModel.swift in Sources */,
				B100000000000000000000A0 /* SampleStatusBanner.swift in Sources */,
				B100000000000000000000A1 /* SyncStateStyle.swift in Sources */,
				B100000000000000000000A3 /* AppDelegate.swift in Sources */,
				B100000000000000000000A4 /* AccessibleTextField.swift in Sources */,
			);
			runOnlyForDeploymentPostprocessing = 0;
		};
		B20000000000000000000042 /* Sources */ = {
			isa = PBXSourcesBuildPhase;
			buildActionMask = 2147483647;
			files = (
				B20000000000000000000001 /* SampleUITestBase.swift in Sources */,
				B20000000000000000000002 /* MultiEntityUITests.swift in Sources */,
			);
			runOnlyForDeploymentPostprocessing = 0;
		};
/* End PBXSourcesBuildPhase section */

/* Begin PBXTargetDependency section */
		B20000000000000000000051 /* PBXTargetDependency */ = {
			isa = PBXTargetDependency;
			target = B10000000000000000000040 /* SyncForgeTasks */;
			targetProxy = B20000000000000000000050 /* PBXContainerItemProxy */;
		};
/* End PBXTargetDependency section */

/* Begin XCBuildConfiguration section */
		B10000000000000000000070 /* Debug */ = {
			isa = XCBuildConfiguration;
			baseConfigurationReference = B10000000000000000000018 /* Frameworks.xcconfig */;
			buildSettings = {
				ASSETCATALOG_COMPILER_APPICON_NAME = "";
				CODE_SIGN_STYLE = Automatic;
				CURRENT_PROJECT_VERSION = 1;
				DEVELOPMENT_TEAM = "";
				ENABLE_PREVIEWS = YES;
				GENERATE_INFOPLIST_FILE = NO;
				INFOPLIST_FILE = SyncForgeTasks/Info.plist;
				IPHONEOS_DEPLOYMENT_TARGET = 14.0;
				LD_RUNPATH_SEARCH_PATHS = (
					"$(inherited)",
					"@executable_path/Frameworks",
				);
				MARKETING_VERSION = 1.0;
				PRODUCT_BUNDLE_IDENTIFIER = dev.syncforge.sample.ios;
				PRODUCT_NAME = "$(TARGET_NAME)";
				SWIFT_EMIT_LOC_STRINGS = YES;
				SWIFT_VERSION = 5.0;
				TARGETED_DEVICE_FAMILY = "1,2";
			};
			name = Debug;
		};
		B10000000000000000000071 /* Release */ = {
			isa = XCBuildConfiguration;
			baseConfigurationReference = B10000000000000000000018 /* Frameworks.xcconfig */;
			buildSettings = {
				ASSETCATALOG_COMPILER_APPICON_NAME = "";
				CODE_SIGN_STYLE = Automatic;
				CURRENT_PROJECT_VERSION = 1;
				DEVELOPMENT_TEAM = "";
				ENABLE_PREVIEWS = YES;
				GENERATE_INFOPLIST_FILE = NO;
				INFOPLIST_FILE = SyncForgeTasks/Info.plist;
				IPHONEOS_DEPLOYMENT_TARGET = 14.0;
				LD_RUNPATH_SEARCH_PATHS = (
					"$(inherited)",
					"@executable_path/Frameworks",
				);
				MARKETING_VERSION = 1.0;
				PRODUCT_BUNDLE_IDENTIFIER = dev.syncforge.sample.ios;
				PRODUCT_NAME = "$(TARGET_NAME)";
				SWIFT_EMIT_LOC_STRINGS = YES;
				SWIFT_VERSION = 5.0;
				TARGETED_DEVICE_FAMILY = "1,2";
			};
			name = Release;
		};
		B10000000000000000000072 /* Debug */ = {
			isa = XCBuildConfiguration;
			buildSettings = {
				ALWAYS_SEARCH_USER_PATHS = NO;
				CLANG_ENABLE_MODULES = YES;
				CLANG_ENABLE_OBJC_ARC = YES;
				COPY_PHASE_STRIP = NO;
				DEBUG_INFORMATION_FORMAT = dwarf;
				ENABLE_STRICT_OBJC_MSGSEND = YES;
				ENABLE_TESTABILITY = YES;
				GCC_DYNAMIC_NO_PIC = NO;
				GCC_OPTIMIZATION_LEVEL = 0;
				GCC_PREPROCESSOR_DEFINITIONS = (
					"DEBUG=1",
					"$(inherited)",
				);
				IPHONEOS_DEPLOYMENT_TARGET = 14.0;
				MTL_ENABLE_DEBUG_INFO = INCLUDE_SOURCE;
				ONLY_ACTIVE_ARCH = YES;
				SDKROOT = iphoneos;
				SWIFT_ACTIVE_COMPILATION_CONDITIONS = DEBUG;
				SWIFT_OPTIMIZATION_LEVEL = "-Onone";
			};
			name = Debug;
		};
		B10000000000000000000073 /* Release */ = {
			isa = XCBuildConfiguration;
			buildSettings = {
				ALWAYS_SEARCH_USER_PATHS = NO;
				CLANG_ENABLE_MODULES = YES;
				CLANG_ENABLE_OBJC_ARC = YES;
				COPY_PHASE_STRIP = NO;
				DEBUG_INFORMATION_FORMAT = "dwarf-with-dsym";
				ENABLE_NS_ASSERTIONS = NO;
				ENABLE_STRICT_OBJC_MSGSEND = YES;
				IPHONEOS_DEPLOYMENT_TARGET = 14.0;
				MTL_ENABLE_DEBUG_INFO = NO;
				SDKROOT = iphoneos;
				SWIFT_COMPILATION_MODE = wholemodule;
				VALIDATE_PRODUCT = YES;
			};
			name = Release;
		};
		B20000000000000000000070 /* Debug */ = {
			isa = XCBuildConfiguration;
			buildSettings = {
				CLANG_ENABLE_MODULES = YES;
				CODE_SIGN_STYLE = Automatic;
				CURRENT_PROJECT_VERSION = 1;
				DEVELOPMENT_TEAM = "";
				GENERATE_INFOPLIST_FILE = YES;
				IPHONEOS_DEPLOYMENT_TARGET = 14.0;
				MARKETING_VERSION = 1.0;
				PRODUCT_BUNDLE_IDENTIFIER = dev.syncforge.sample.ios.uitests;
				PRODUCT_NAME = "$(TARGET_NAME)";
				SWIFT_EMIT_LOC_STRINGS = NO;
				SWIFT_VERSION = 5.0;
				TARGETED_DEVICE_FAMILY = "1,2";
				TEST_TARGET_NAME = SyncForgeTasks;
			};
			name = Debug;
		};
		B20000000000000000000071 /* Release */ = {
			isa = XCBuildConfiguration;
			buildSettings = {
				CLANG_ENABLE_MODULES = YES;
				CODE_SIGN_STYLE = Automatic;
				CURRENT_PROJECT_VERSION = 1;
				DEVELOPMENT_TEAM = "";
				GENERATE_INFOPLIST_FILE = YES;
				IPHONEOS_DEPLOYMENT_TARGET = 14.0;
				MARKETING_VERSION = 1.0;
				PRODUCT_BUNDLE_IDENTIFIER = dev.syncforge.sample.ios.uitests;
				PRODUCT_NAME = "$(TARGET_NAME)";
				SWIFT_EMIT_LOC_STRINGS = NO;
				SWIFT_VERSION = 5.0;
				TARGETED_DEVICE_FAMILY = "1,2";
				TEST_TARGET_NAME = SyncForgeTasks;
			};
			name = Release;
		};
/* End XCBuildConfiguration section */

/* Begin XCConfigurationList section */
		B10000000000000000000060 /* Build configuration list for PBXNativeTarget "SyncForgeTasks" */ = {
			isa = XCConfigurationList;
			buildConfigurations = (
				B10000000000000000000070 /* Debug */,
				B10000000000000000000071 /* Release */,
			);
			defaultConfigurationIsVisible = 0;
			defaultConfigurationName = Release;
		};
		B10000000000000000000061 /* Build configuration list for PBXProject "SyncForgeTasks" */ = {
			isa = XCConfigurationList;
			buildConfigurations = (
				B10000000000000000000072 /* Debug */,
				B10000000000000000000073 /* Release */,
			);
			defaultConfigurationIsVisible = 0;
			defaultConfigurationName = Release;
		};
		B20000000000000000000060 /* Build configuration list for PBXNativeTarget "SyncForgeTasksUITests" */ = {
			isa = XCConfigurationList;
			buildConfigurations = (
				B20000000000000000000070 /* Debug */,
				B20000000000000000000071 /* Release */,
			);
			defaultConfigurationIsVisible = 0;
			defaultConfigurationName = Release;
		};
/* End XCConfigurationList section */
	};
	rootObject = B10000000000000000000050 /* Project object */;
}